Microsoft Visual Studio Solution File, Format Version 11.00
# Visual Studio 2008

Project("{633CC9F1-22EB-851F-728F-22B759650A91}") = "UNITY-CONTROLLER-PHOTON", "Assembly-CSharp.csproj", "{B6E7749E-BED0-3468-7525-C4732AB2DEC8}"
EndProject
Project("{633CC9F1-22EB-851F-728F-22B759650A91}") = "UNITY-CONTROLLER-PHOTON", "Assembly-CSharp-Editor.csproj", "{EE050F33-291F-BB19-12C8-D117FC81E3F9}"
EndProject
Global
	GlobalSection(SolutionConfigurationPlatforms) = preSolution
		Debug|Any CPU = Debug|Any CPU
		Release|Any CPU = Release|Any CPU
	EndGlobalSection
	GlobalSection(ProjectConfigurationPlatforms) = postSolution
		{B6E7749E-BED0-3468-7525-C4732AB2DEC8}.Debug|Any CPU.ActiveCfg = Debug|Any CPU
		{B6E7749E-BED0-3468-7525-C4732AB2DEC8}.Debug|Any CPU.Build.0 = Debug|Any CPU
		{B6E7749E-BED0-3468-7525-C4732AB2DEC8}.Release|Any CPU.ActiveCfg = Release|Any CPU
		{B6E7749E-BED0-3468-7525-C4732AB2DEC8}.Release|Any CPU.Build.0 = Release|Any CPU
		{EE050F33-291F-BB19-12C8-D117FC81E3F9}.Debug|Any CPU.ActiveCfg = Debug|Any CPU
		{EE050F33-291F-BB19-12C8-D117FC81E3F9}.Debug|Any CPU.Build.0 = Debug|Any CPU
		{EE050F33-291F-BB19-12C8-D117FC81E3F9}.Release|Any CPU.ActiveCfg = Release|Any CPU
		{EE050F33-291F-BB19-12C8-D117FC81E3F9}.Release|Any CPU.Build.0 = Release|Any CPU
	EndGlobalSection
	GlobalSection(SolutionProperties) = preSolution
		HideSolutionNode = FALSE
	EndGlobalSection
	GlobalSection(MonoDevelopProperties) = preSolution
		StartupItem = Assembly-CSharp.csproj
	EndGlobalSection
EndGlobal
